// !$*UTF8*$!
{
	archiveVersion = 1;
	classes = {
	};
	objectVersion = 56;
	objects = {

/* Begin PBXBuildFile section */
		2C4EC9D62A8CDD640098717D /* RotatedBadgeSymbol.swift in Sources */ = {isa = PBXBuildFile; fileRef = 2C4EC9D52A8CDD640098717D /* RotatedBadgeSymbol.swift */; };
		2C4EC9D82A8CDDA50098717D /* Badge.swift in Sources */ = {isa = PBXBuildFile; fileRef = 2C4EC9D72A8CDDA50098717D /* Badge.swift */; };
		2C5E85A32A8278BD00B42198 /* LandmarksApp.swift in Sources */ = {isa = PBXBuildFile; fileRef = 2C5E85A22A8278BD00B42198 /* LandmarksApp.swift */; };
		2C5E85A52A8278BD00B42198 /* ContentView.swift in Sources */ = {isa = PBXBuildFile; fileRef = 2C5E85A42A8278BD00B42198 /* ContentView.swift */; };
		2C5E85A72A8278BD00B42198 /* Assets.xcassets in Resources */ = {isa = PBXBuildFile; fileRef = 2C5E85A62A8278BD00B42198 /* Assets.xcassets */; };
		2C5E85AB2A8278BD00B42198 /* Preview Assets.xcassets in Resources */ = {isa = PBXBuildFile; fileRef = 2C5E85AA2A8278BD00B42198 /* Preview Assets.xcassets */; };
		2C5E85B52A8278BD00B42198 /* LandmarksTests.swift in Sources */ = {isa = PBXBuildFile; fileRef = 2C5E85B42A8278BD00B42198 /* LandmarksTests.swift */; };
		2C5E85BF2A8278BD00B42198 /* LandmarksUITests.swift in Sources */ = {isa = PBXBuildFile; fileRef = 2C5E85BE2A8278BD00B42198 /* LandmarksUITests.swift */; };
		2C5E85C12A8278BD00B42198 /* LandmarksUITestsLaunchTests.swift in Sources */ = {isa = PBXBuildFile; fileRef = 2C5E85C02A8278BD00B42198 /* LandmarksUITestsLaunchTests.swift */; };
		2C5E85CE2A827F2C00B42198 /* CircleImage.swift in Sources */ = {isa = PBXBuildFile; fileRef = 2C5E85CD2A827F2C00B42198 /* CircleImage.swift */; };
		2C5E85D02A82817900B42198 /* MapView.swift in Sources */ = {isa = PBXBuildFile; fileRef = 2C5E85CF2A82817900B42198 /* MapView.swift */; };
		2C5E85D42A828A7500B42198 /* landmarkData.json in Resources */ = {isa = PBXBuildFile; fileRef = 2C5E85D32A828A7500B42198 /* landmarkData.json */; };
		2C5E85D72A828A8F00B42198 /* Landmark.swift in Sources */ = {isa = PBXBuildFile; fileRef = 2C5E85D62A828A8F00B42198 /* Landmark.swift */; };
		2C5E85D92A828D7100B42198 /* ModelData.swift in Sources */ = {isa = PBXBuildFile; fileRef = 2C5E85D82A828D7100B42198 /* ModelData.swift */; };
		2C5E85DD2A828E8A00B42198 /* LandmarkRow.swift in Sources */ = {isa = PBXBuildFile; fileRef = 2C5E85DC2A828E8A00B42198 /* LandmarkRow.swift */; };
		2C5E85DF2A84F21000B42198 /* LandmarkList.swift in Sources */ = {isa = PBXBuildFile; fileRef = 2C5E85DE2A84F21000B42198 /* LandmarkList.swift */; };
		2C5E85E12A84F2E200B42198 /* LandmarkDetail.swift in Sources */ = {isa = PBXBuildFile; fileRef = 2C5E85E02A84F2E200B42198 /* LandmarkDetail.swift */; };
		2C8304A92A84FF0700B0B4A8 /* FavoriteButton.swift in Sources */ = {isa = PBXBuildFile; fileRef = 2C8304A82A84FF0700B0B4A8 /* FavoriteButton.swift */; };
		2C8304AD2A8CD77200B0B4A8 /* HexagonParameters.swift in Sources */ = {isa = PBXBuildFile; fileRef = 2C8304AC2A8CD77200B0B4A8 /* HexagonParameters.swift */; };
		2C8304AF2A8CD88E00B0B4A8 /* BadgeBackground.swift in Sources */ = {isa = PBXBuildFile; fileRef = 2C8304AE2A8CD88E00B0B4A8 /* BadgeBackground.swift */; };
		2C8304B12A8CDB3600B0B4A8 /* BadgeSymbol.swift in Sources */ = {isa = PBXBuildFile; fileRef = 2C8304B02A8CDB3600B0B4A8 /* BadgeSymbol.swift */; };
/* End PBXBuildFile section */

/* Begin PBXContainerItemProxy section */
		2C5E85B12A8278BD00B42198 /* PBXContainerItemProxy */ = {
			isa = PBXContainerItemProxy;
			containerPortal = 2C5E85972A8278BD00B42198 /* Project object */;
			proxyType = 1;
			remoteGlobalIDString = 2C5E859E2A8278BD00B42198;
			remoteInfo = Landmarks;
		};
		2C5E85BB2A8278BD00B42198 /* PBXContainerItemProxy */ = {
			isa = PBXContainerItemProxy;
			containerPortal = 2C5E85972A8278BD00B42198 /* Project object */;
			proxyType = 1;
			remoteGlobalIDString = 2C5E859E2A8278BD00B42198;
			remoteInfo = Landmarks;
		};
/* End PBXContainerItemProxy section */

/* Begin PBXFileReference section */
		2C4EC9D52A8CDD640098717D /* RotatedBadgeSymbol.swift */ = {isa = PBXFileReference; lastKnownFileType = sourcecode.swift; path = RotatedBadgeSymbol.swift; sourceTree = "<group>"; };
		2C4EC9D72A8CDDA50098717D /* Badge.swift */ = {isa = PBXFileReference; lastKnownFileType = sourcecode.swift; path = Badge.swift; sourceTree = "<group>"; };
		2C5E859F2A8278BD00B42198 /* Landmarks.app */ = {isa = PBXFileReference; explicitFileType = wrapper.application; includeInIndex = 0; path = Landmarks.app; sourceTree = BUILT_PRODUCTS_DIR; };
		2C5E85A22A8278BD00B42198 /* LandmarksApp.swift */ = {isa = PBXFileReference; lastKnownFileType = sourcecode.swift; path = LandmarksApp.swift; sourceTree = "<group>"; };
		2C5E85A42A8278BD00B42198 /* ContentView.swift */ = {isa = PBXFileReference; lastKnownFileType = sourcecode.swift; path = ContentView.swift; sourceTree = "<group>"; };
		2C5E85A62A8278BD00B42198 /* Assets.xcassets */ = {isa = PBXFileReference; lastKnownFileType = folder.assetcatalog; path = Assets.xcassets; sourceTree = "<group>"; };
		2C5E85A82A8278BD00B42198 /* Landmarks.entitlements */ = {isa = PBXFileReference; lastKnownFileType = text.plist.entitlements; path = Landmarks.entitlements; sourceTree = "<group>"; };
		2C5E85AA2A8278BD00B42198 /* Preview Assets.xcassets */ = {isa = PBXFileReference; lastKnownFileType = folder.assetcatalog; path = "Preview Assets.xcassets"; sourceTree = "<group>"; };
		2C5E85B02A8278BD00B42198 /* LandmarksTests.xctest */ = {isa = PBXFileReference; explicitFileType = wrapper.cfbundle; includeInIndex = 0; path = LandmarksTests.xctest; sourceTree = BUILT_PRODUCTS_DIR; };
		2C5E85B42A8278BD00B42198 /* LandmarksTests.swift */ = {isa = PBXFileReference; lastKnownFileType = sourcecode.swift; path = LandmarksTests.swift; sourceTree = "<group>"; };
		2C5E85BA2A8278BD00B42198 /* LandmarksUITests.xctest */ = {isa = PBXFileReference; explicitFileType = wrapper.cfbundle; includeInIndex = 0; path = LandmarksUITests.xctest; sourceTree = BUILT_PRODUCTS_DIR; };
		2C5E85BE2A8278BD00B42198 /* LandmarksUITests.swift */ = {isa = PBXFileReference; lastKnownFileType = sourcecode.swift; path = LandmarksUITests.swift; sourceTree = "<group>"; };
		2C5E85C02A8278BD00B42198 /* LandmarksUITestsLaunchTests.swift */ = {isa = PBXFileReference; lastKnownFileType = sourcecode.swift; path = LandmarksUITestsLaunchTests.swift; sourceTree = "<group>"; };
		2C5E85CD2A827F2C00B42198 /* CircleImage.swift */ = {isa = PBXFileReference; lastKnownFileType = sourcecode.swift; path = CircleImage.swift; sourceTree = "<group>"; };
		2C5E85CF2A82817900B42198 /* MapView.swift */ = {isa = PBXFileReference; lastKnownFileType = sourcecode.swift; path = MapView.swift; sourceTree = "<group>"; };
		2C5E85D32A828A7500B42198 /* landmarkData.json */ = {isa = PBXFileReference; fileEncoding = 4; lastKnownFileType = text.json; path = landmarkData.json; sourceTree = "<group>"; };
		2C5E85D62A828A8F00B42198 /* Landmark.swift */ = {isa = PBXFileReference; lastKnownFileType = sourcecode.swift; path = Landmark.swift; sourceTree = "<group>"; };
		2C5E85D82A828D7100B42198 /* ModelData.swift */ = {isa = PBXFileReference; lastKnownFileType = sourcecode.swift; path = ModelData.swift; sourceTree = "<group>"; };
		2C5E85DC2A828E8A00B42198 /* LandmarkRow.swift */ = {isa = PBXFileReference; lastKnownFileType = sourcecode.swift; path = LandmarkRow.swift; sourceTree = "<group>"; };
		2C5E85DE2A84F21000B42198 /* LandmarkList.swift */ = {isa = PBXFileReference; lastKnownFileType = sourcecode.swift; path = LandmarkList.swift; sourceTree = "<group>"; };
		2C5E85E02A84F2E200B42198 /* LandmarkDetail.swift */ = {isa = PBXFileReference; fileEncoding = 4; lastKnownFileType = sourcecode.swift; path = LandmarkDetail.swift; sourceTree = "<group>"; };
		2C8304A82A84FF0700B0B4A8 /* FavoriteButton.swift */ = {isa = PBXFileReference; lastKnownFileType = sourcecode.swift; path = FavoriteButton.swift; sourceTree = "<group>"; };
		2C8304AC2A8CD77200B0B4A8 /* HexagonParameters.swift */ = {isa = PBXFileReference; lastKnownFileType = sourcecode.swift; path = HexagonParameters.swift; sourceTree = "<group>"; };
		2C8304AE2A8CD88E00B0B4A8 /* BadgeBackground.swift */ = {isa = PBXFileReference; lastKnownFileType = sourcecode.swift; path = BadgeBackground.swift; sourceTree = "<group>"; };
		2C8304B02A8CDB3600B0B4A8 /* BadgeSymbol.swift */ = {isa = PBXFileReference; lastKnownFileType = sourcecode.swift; path = BadgeSymbol.swift; sourceTree = "<group>"; };
/* End PBXFileReference section */

/* Begin PBXFrameworksBuildPhase section */
		2C5E859C2A8278BD00B42198 /* Frameworks */ = {
			isa = PBXFrameworksBuildPhase;
			buildActionMask = 2147483647;
			files = (
			);
			runOnlyForDeploymentPostprocessing = 0;
		};
		2C5E85AD2A8278BD00B42198 /* Frameworks */ = {
			isa = PBXFrameworksBuildPhase;
			buildActionMask = 2147483647;
			files = (
			);
			runOnlyForDeploymentPostprocessing = 0;
		};
		2C5E85B72A8278BD00B42198 /* Frameworks */ = {
			isa = PBXFrameworksBuildPhase;
			buildActionMask = 2147483647;
			files = (
			);
			runOnlyForDeploymentPostprocessing = 0;
		};
/* End PBXFrameworksBuildPhase section */

/* Begin PBXGroup section */
		2C4EC9D92A8CDE720098717D /* Badges */ = {
			isa = PBXGroup;
			children = (
				2C8304AC2A8CD77200B0B4A8 /* HexagonParameters.swift */,
				2C8304AE2A8CD88E00B0B4A8 /* BadgeBackground.swift */,
				2C8304B02A8CDB3600B0B4A8 /* BadgeSymbol.swift */,
				2C4EC9D52A8CDD640098717D /* RotatedBadgeSymbol.swift */,
				2C4EC9D72A8CDDA50098717D /* Badge.swift */,
			);
			path = Badges;
			sourceTree = "<group>";
		};
		2C5E85962A8278BD00B42198 = {
			isa = PBXGroup;
			children = (
				2C5E85A12A8278BD00B42198 /* Landmarks */,
				2C5E85B32A8278BD00B42198 /* LandmarksTests */,
				2C5E85BD2A8278BD00B42198 /* LandmarksUITests */,
				2C5E85A02A8278BD00B42198 /* Products */,
			);
			sourceTree = "<group>";
		};
		2C5E85A02A8278BD00B42198 /* Products */ = {
			isa = PBXGroup;
			children = (
				2C5E859F2A8278BD00B42198 /* Landmarks.app */,
				2C5E85B02A8278BD00B42198 /* LandmarksTests.xctest */,
				2C5E85BA2A8278BD00B42198 /* LandmarksUITests.xctest */,
			);
			name = Products;
			sourceTree = "<group>";
		};
		2C5E85A12A8278BD00B42198 /* Landmarks */ = {
			isa = PBXGroup;
			children = (
				2C5E85DB2A828DDE00B42198 /* Resources */,
				2C5E85DA2A828DCD00B42198 /* Views */,
				2C5E85D52A828A8400B42198 /* Model */,
				2C5E85A22A8278BD00B42198 /* LandmarksApp.swift */,
				2C5E85A62A8278BD00B42198 /* Assets.xcassets */,
				2C5E85A82A8278BD00B42198 /* Landmarks.entitlements */,
				2C5E85A92A8278BD00B42198 /* Preview Content */,
			);
			path = Landmarks;
			sourceTree = "<group>";
		};
		2C5E85A92A8278BD00B42198 /* Preview Content */ = {
			isa = PBXGroup;
			children = (
				2C5E85AA2A8278BD00B42198 /* Preview Assets.xcassets */,
			);
			path = "Preview Content";
			sourceTree = "<group>";
		};
		2C5E85B32A8278BD00B42198 /* LandmarksTests */ = {
			isa = PBXGroup;
			children = (
				2C5E85B42A8278BD00B42198 /* LandmarksTests.swift */,
			);
			path = LandmarksTests;
			sourceTree = "<group>";
		};
		2C5E85BD2A8278BD00B42198 /* LandmarksUITests */ = {
			isa = PBXGroup;
			children = (
				2C5E85BE2A8278BD00B42198 /* LandmarksUITests.swift */,
				2C5E85C02A8278BD00B42198 /* LandmarksUITestsLaunchTests.swift */,
			);
			path = LandmarksUITests;
			sourceTree = "<group>";
		};
		2C5E85D52A828A8400B42198 /* Model */ = {
			isa = PBXGroup;
			children = (
				2C5E85D62A828A8F00B42198 /* Landmark.swift */,
				2C5E85D82A828D7100B42198 /* ModelData.swift */,
			);
			path = Model;
			sourceTree = "<group>";
		};
		2C5E85DA2A828DCD00B42198 /* Views */ = {
			isa = PBXGroup;
			children = (
				2C4EC9D92A8CDE720098717D /* Badges */,
				2C8304AB2A84FF5200B0B4A8 /* Landmarks */,
				2C8304AA2A84FF3A00B0B4A8 /* Helpers */,
				2C5E85A42A8278BD00B42198 /* ContentView.swift */,
			);
			path = Views;
			sourceTree = "<group>";
		};
		2C5E85DB2A828DDE00B42198 /* Resources */ = {
			isa = PBXGroup;
			children = (
				2C5E85D32A828A7500B42198 /* landmarkData.json */,
			);
			path = Resources;
			sourceTree = "<group>";
		};
		2C8304AA2A84FF3A00B0B4A8 /* Helpers */ = {
			isa = PBXGroup;
			children = (
				2C5E85CD2A827F2C00B42198 /* CircleImage.swift */,
				2C5E85CF2A82817900B42198 /* MapView.swift */,
				2C8304A82A84FF0700B0B4A8 /* FavoriteButton.swift */,
			);
			path = Helpers;
			sourceTree = "<group>";
		};
		2C8304AB2A84FF5200B0B4A8 /* Landmarks */ = {
			isa = PBXGroup;
			children = (
				2C5E85E02A84F2E200B42198 /* LandmarkDetail.swift */,
				2C5E85DC2A828E8A00B42198 /* LandmarkRow.swift */,
				2C5E85DE2A84F21000B42198 /* LandmarkList.swift */,
			);
			path = Landmarks;
			sourceTree = "<group>";
		};
/* End PBXGroup section */

/* Begin PBXNativeTarget section */
		2C5E859E2A8278BD00B42198 /* Landmarks */ = {
			isa = PBXNativeTarget;
			buildConfigurationList = 2C5E85C42A8278BD00B42198 /* Build configuration list for PBXNativeTarget "Landmarks" */;
			buildPhases = (
				2C5E859B2A8278BD00B42198 /* Sources */,
				2C5E859C2A8278BD00B42198 /* Frameworks */,
				2C5E859D2A8278BD00B42198 /* Resources */,
			);
			buildRules = (
			);
			dependencies = (
			);
			name = Landmarks;
			productName = Landmarks;
			productReference = 2C5E859F2A8278BD00B42198 /* Landmarks.app */;
			productType = "com.apple.product-type.application";
		};
		2C5E85AF2A8278BD00B42198 /* LandmarksTests */ = {
			isa = PBXNativeTarget;
			buildConfigurationList = 2C5E85C72A8278BD00B42198 /* Build configuration list for PBXNativeTarget "LandmarksTests" */;
			buildPhases = (
				2C5E85AC2A8278BD00B42198 /* Sources */,
				2C5E85AD2A8278BD00B42198 /* Frameworks */,
				2C5E85AE2A8278BD00B42198 /* Resources */,
			);
			buildRules = (
			);
			dependencies = (
				2C5E85B22A8278BD00B42198 /* PBXTargetDependency */,
			);
			name = LandmarksTests;
			productName = LandmarksTests;
			productReference = 2C5E85B02A8278BD00B42198 /* LandmarksTests.xctest */;
			productType = "com.apple.product-type.bundle.unit-test";
		};
		2C5E85B92A8278BD00B42198 /* LandmarksUITests */ = {
			isa = PBXNativeTarget;
			buildConfigurationList = 2C5E85CA2A8278BD00B42198 /* Build configuration list for PBXNativeTarget "LandmarksUITests" */;
			buildPhases = (
				2C5E85B62A8278BD00B42198 /* Sources */,
				2C5E85B72A8278BD00B42198 /* Frameworks */,
				2C5E85B82A8278BD00B42198 /* Resources */,
			);
			buildRules = (
			);
			dependencies = (
				2C5E85BC2A8278BD00B42198 /* PBXTargetDependency */,
			);
			name = LandmarksUITests;
			productName = LandmarksUITests;
			productReference = 2C5E85BA2A8278BD00B42198 /* LandmarksUITests.xctest */;
			productType = "com.apple.product-type.bundle.ui-testing";
		};
/* End PBXNativeTarget section */

/* Begin PBXProject section */
		2C5E85972A8278BD00B42198 /* Project object */ = {
			isa = PBXProject;
			attributes = {
				BuildIndependentTargetsInParallel = 1;
				LastSwiftUpdateCheck = 1430;
				LastUpgradeCheck = 1430;
				TargetAttributes = {
					2C5E859E2A8278BD00B42198 = {
						CreatedOnToolsVersion = 14.3.1;
					};
					2C5E85AF2A8278BD00B42198 = {
						CreatedOnToolsVersion = 14.3.1;
						TestTargetID = 2C5E859E2A8278BD00B42198;
					};
					2C5E85B92A8278BD00B42198 = {
						CreatedOnToolsVersion = 14.3.1;
						TestTargetID = 2C5E859E2A8278BD00B42198;
					};
				};
			};
			buildConfigurationList = 2C5E859A2A8278BD00B42198 /* Build configuration list for PBXProject "Landmarks" */;
			compatibilityVersion = "Xcode 14.0";
			developmentRegion = en;
			hasScannedForEncodings = 0;
			knownRegions = (
				en,
				Base,
			);
			mainGroup = 2C5E85962A8278BD00B42198;
			productRefGroup = 2C5E85A02A8278BD00B42198 /* Products */;
			projectDirPath = "";
			projectRoot = "";
			targets = (
				2C5E859E2A8278BD00B42198 /* Landmarks */,
				2C5E85AF2A8278BD00B42198 /* LandmarksTests */,
				2C5E85B92A8278BD00B42198 /* LandmarksUITests */,
			);
		};
/* End PBXProject section */

/* Begin PBXResourcesBuildPhase section */
		2C5E859D2A8278BD00B42198 /* Resources */ = {
			isa = PBXResourcesBuildPhase;
			buildActionMask = 2147483647;
			files = (
				2C5E85AB2A8278BD00B42198 /* Preview Assets.xcassets in Resources */,
				2C5E85A72A8278BD00B42198 /* Assets.xcassets in Resources */,
				2C5E85D42A828A7500B42198 /* landmarkData.json in Resources */,
			);
			runOnlyForDeploymentPostprocessing = 0;
		};
		2C5E85AE2A8278BD00B42198 /* Resources */ = {
			isa = PBXResourcesBuildPhase;
			buildActionMask = 2147483647;
			files = (
			);
			runOnlyForDeploymentPostprocessing = 0;
		};
		2C5E85B82A8278BD00B42198 /* Resources */ = {
			isa = PBXResourcesBuildPhase;
			buildActionMask = 2147483647;
			files = (
			);
			runOnlyForDeploymentPostprocessing = 0;
		};
/* End PBXResourcesBuildPhase section */

/* Begin PBXSourcesBuildPhase section */
		2C5E859B2A8278BD00B42198 /* Sources */ = {
			isa = PBXSourcesBuildPhase;
			buildActionMask = 2147483647;
			files = (
				2C5E85A52A8278BD00B42198 /* ContentView.swift in Sources */,
				2C4EC9D82A8CDDA50098717D /* Badge.swift in Sources */,
				2C5E85D02A82817900B42198 /* MapView.swift in Sources */,
				2C5E85A32A8278BD00B42198 /* LandmarksApp.swift in Sources */,
				2C8304A92A84FF0700B0B4A8 /* FavoriteButton.swift in Sources */,
				2C8304AD2A8CD77200B0B4A8 /* HexagonParameters.swift in Sources */,
				2C4EC9D62A8CDD640098717D /* RotatedBadgeSymbol.swift in Sources */,
				2C8304B12A8CDB3600B0B4A8 /* BadgeSymbol.swift in Sources */,
				2C5E85DF2A84F21000B42198 /* LandmarkList.swift in Sources */,
				2C5E85E12A84F2E200B42198 /* LandmarkDetail.swift in Sources */,
				2C8304AF2A8CD88E00B0B4A8 /* BadgeBackground.swift in Sources */,
				2C5E85CE2A827F2C00B42198 /* CircleImage.swift in Sources */,
				2C5E85D72A828A8F00B42198 /* Landmark.swift in Sources */,
				2C5E85DD2A828E8A00B42198 /* LandmarkRow.swift in Sources */,
				2C5E85D92A828D7100B42198 /* ModelData.swift in Sources */,
			);
			runOnlyForDeploymentPostprocessing = 0;
		};
		2C5E85AC2A8278BD00B42198 /* Sources */ = {
			isa = PBXSourcesBuildPhase;
			buildActionMask = 2147483647;
			files = (
				2C5E85B52A8278BD00B42198 /* LandmarksTests.swift in Sources */,
			);
			runOnlyForDeploymentPostprocessing = 0;
		};
		2C5E85B62A8278BD00B42198 /* Sources */ = {
			isa = PBXSourcesBuildPhase;
			buildActionMask = 2147483647;
			files = (
				2C5E85C12A8278BD00B42198 /* LandmarksUITestsLaunchTests.swift in Sources */,
				2C5E85BF2A8278BD00B42198 /* LandmarksUITests.swift in Sources */,
			);
			runOnlyForDeploymentPostprocessing = 0;
		};
/* End PBXSourcesBuildPhase section */

/* Begin PBXTargetDependency section */
		2C5E85B22A8278BD00B42198 /* PBXTargetDependency */ = {
			isa = PBXTargetDependency;
			target = 2C5E859E2A8278BD00B42198 /* Landmarks */;
			targetProxy = 2C5E85B12A8278BD00B42198 /* PBXContainerItemProxy */;
		};
		2C5E85BC2A8278BD00B42198 /* PBXTargetDependency */ = {
			isa = PBXTargetDependency;
			target = 2C5E859E2A8278BD00B42198 /* Landmarks */;
			targetProxy = 2C5E85BB2A8278BD00B42198 /* PBXContainerItemProxy */;
		};
/* End PBXTargetDependency section */

/* Begin XCBuildConfiguration section */
		2C5E85C22A8278BD00B42198 /* Debug */ = {
			isa = XCBuildConfiguration;
			buildSettings = {
				ALWAYS_SEARCH_USER_PATHS = NO;
				CLANG_ANALYZER_NONNULL = YES;
				CLANG_ANALYZER_NUMBER_OBJECT_CONVERSION = YES_AGGRESSIVE;
				CLANG_CXX_LANGUAGE_STANDARD = "gnu++20";
				CLANG_ENABLE_MODULES = YES;
				CLANG_ENABLE_OBJC_ARC = YES;
				CLANG_ENABLE_OBJC_WEAK = YES;
				CLANG_WARN_BLOCK_CAPTURE_AUTORELEASING = YES;
				CLANG_WARN_BOOL_CONVERSION = YES;
				CLANG_WARN_COMMA = YES;
				CLANG_WARN_CONSTANT_CONVERSION = YES;
				CLANG_WARN_DEPRECATED_OBJC_IMPLEMENTATIONS = YES;
				CLANG_WARN_DIRECT_OBJC_ISA_USAGE = YES_ERROR;
				CLANG_WARN_DOCUMENTATION_COMMENTS = YES;
				CLANG_WARN_EMPTY_BODY = YES;
				CLANG_WARN_ENUM_CONVERSION = YES;
				CLANG_WARN_INFINITE_RECURSION = YES;
				CLANG_WARN_INT_CONVERSION = YES;
				CLANG_WARN_NON_LITERAL_NULL_CONVERSION = YES;
				CLANG_WARN_OBJC_IMPLICIT_RETAIN_SELF = YES;
				CLANG_WARN_OBJC_LITERAL_CONVERSION = YES;
				CLANG_WARN_OBJC_ROOT_CLASS = YES_ERROR;
				CLANG_WARN_QUOTED_INCLUDE_IN_FRAMEWORK_HEADER = YES;
				CLANG_WARN_RANGE_LOOP_ANALYSIS = YES;
				CLANG_WARN_STRICT_PROTOTYPES = YES;
				CLANG_WARN_SUSPICIOUS_MOVE = YES;
				CLANG_WARN_UNGUARDED_AVAILABILITY = YES_AGGRESSIVE;
				CLANG_WARN_UNREACHABLE_CODE = YES;
				CLANG_WARN__DUPLICATE_METHOD_MATCH = YES;
				COPY_PHASE_STRIP = NO;
				DEBUG_INFORMATION_FORMAT = dwarf;
				ENABLE_STRICT_OBJC_MSGSEND = YES;
				ENABLE_TESTABILITY = YES;
				GCC_C_LANGUAGE_STANDARD = gnu11;
				GCC_DYNAMIC_NO_PIC = NO;
				GCC_NO_COMMON_BLOCKS = YES;
				GCC_OPTIMIZATION_LEVEL = 0;
				GCC_PREPROCESSOR_DEFINITIONS = (
					"DEBUG=1",
					"$(inherited)",
				);
				GCC_WARN_64_TO_32_BIT_CONVERSION = YES;
				GCC_WARN_ABOUT_RETURN_TYPE = YES_ERROR;
				GCC_WARN_UNDECLARED_SELECTOR = YES;
				GCC_WARN_UNINITIALIZED_AUTOS = YES_AGGRESSIVE;
				GCC_WARN_UNUSED_FUNCTION = YES;
				GCC_WARN_UNUSED_VARIABLE = YES;
				MTL_ENABLE_DEBUG_INFO = INCLUDE_SOURCE;
				MTL_FAST_MATH = YES;
				ONLY_ACTIVE_ARCH = YES;
				SWIFT_ACTIVE_COMPILATION_CONDITIONS = DEBUG;
				SWIFT_OPTIMIZATION_LEVEL = "-Onone";
			};
			name = Debug;
		};
		2C5E85C32A8278BD00B42198 /* Release */ = {
			isa = XCBuildConfiguration;
			buildSettings = {
				ALWAYS_SEARCH_USER_PATHS = NO;
				CLANG_ANALYZER_NONNULL = YES;
				CLANG_ANALYZER_NUMBER_OBJECT_CONVERSION = YES_AGGRESSIVE;
				CLANG_CXX_LANGUAGE_STANDARD = "gnu++20";
				CLANG_ENABLE_MODULES = YES;
				CLANG_ENABLE_OBJC_ARC = YES;
				CLANG_ENABLE_OBJC_WEAK = YES;
				CLANG_WARN_BLOCK_CAPTURE_AUTORELEASING = YES;
				CLANG_WARN_BOOL_CONVERSION = YES;
				CLANG_WARN_COMMA = YES;
				CLANG_WARN_CONSTANT_CONVERSION = YES;
				CLANG_WARN_DEPRECATED_OBJC_IMPLEMENTATIONS = YES;
				CLANG_WARN_DIRECT_OBJC_ISA_USAGE = YES_ERROR;
				CLANG_WARN_DOCUMENTATION_COMMENTS = YES;
				CLANG_WARN_EMPTY_BODY = YES;
				CLANG_WARN_ENUM_CONVERSION = YES;
				CLANG_WARN_INFINITE_RECURSION = YES;
				CLANG_WARN_INT_CONVERSION = YES;
				CLANG_WARN_NON_LITERAL_NULL_CONVERSION = YES;
				CLANG_WARN_OBJC_IMPLICIT_RETAIN_SELF = YES;
				CLANG_WARN_OBJC_LITERAL_CONVERSION = YES;
				CLANG_WARN_OBJC_ROOT_CLASS = YES_ERROR;
				CLANG_WARN_QUOTED_INCLUDE_IN_FRAMEWORK_HEADER = YES;
				CLANG_WARN_RANGE_LOOP_ANALYSIS = YES;
				CLANG_WARN_STRICT_PROTOTYPES = YES;
				CLANG_WARN_SUSPICIOUS_MOVE = YES;
				CLANG_WARN_UNGUARDED_AVAILABILITY = YES_AGGRESSIVE;
				CLANG_WARN_UNREACHABLE_CODE = YES;
				CLANG_WARN__DUPLICATE_METHOD_MATCH = YES;
				COPY_PHASE_STRIP = NO;
				DEBUG_INFORMATION_FORMAT = "dwarf-with-dsym";
				ENABLE_NS_ASSERTIONS = NO;
				ENABLE_STRICT_OBJC_MSGSEND = YES;
				GCC_C_LANGUAGE_STANDARD = gnu11;
				GCC_NO_COMMON_BLOCKS = YES;
				GCC_WARN_64_TO_32_BIT_CONVERSION = YES;
				GCC_WARN_ABOUT_RETURN_TYPE = YES_ERROR;
				GCC_WARN_UNDECLARED_SELECTOR = YES;
				GCC_WARN_UNINITIALIZED_AUTOS = YES_AGGRESSIVE;
				GCC_WARN_UNUSED_FUNCTION = YES;
				GCC_WARN_UNUSED_VARIABLE = YES;
				MTL_ENABLE_DEBUG_INFO = NO;
				MTL_FAST_MATH = YES;
				SWIFT_COMPILATION_MODE = wholemodule;
				SWIFT_OPTIMIZATION_LEVEL = "-O";
			};
			name = Release;
		};
		2C5E85C52A8278BD00B42198 /* Debug */ = {
			isa = XCBuildConfiguration;
			buildSettings = {
				ASSETCATALOG_COMPILER_APPICON_NAME = AppIcon;
				ASSETCATALOG_COMPILER_GLOBAL_ACCENT_COLOR_NAME = AccentColor;
				CODE_SIGN_ENTITLEMENTS = Landmarks/Landmarks.entitlements;
				CODE_SIGN_STYLE = Automatic;
				CURRENT_PROJECT_VERSION = 1;
				DEVELOPMENT_ASSET_PATHS = "\"Landmarks/Preview Content\"";
				DEVELOPMENT_TEAM = 4KGM26JFXK;
				ENABLE_HARDENED_RUNTIME = YES;
				ENABLE_PREVIEWS = YES;
				GENERATE_INFOPLIST_FILE = YES;
				"INFOPLIST_KEY_UIApplicationSceneManifest_Generation[sdk=iphoneos*]" = YES;
				"INFOPLIST_KEY_UIApplicationSceneManifest_Generation[sdk=iphonesimulator*]" = YES;
				"INFOPLIST_KEY_UIApplicationSupportsIndirectInputEvents[sdk=iphoneos*]" = YES;
				"INFOPLIST_KEY_UIApplicationSupportsIndirectInputEvents[sdk=iphonesimulator*]" = YES;
				"INFOPLIST_KEY_UILaunchScreen_Generation[sdk=iphoneos*]" = YES;
				"INFOPLIST_KEY_UILaunchScreen_Generation[sdk=iphonesimulator*]" = YES;
				"INFOPLIST_KEY_UIStatusBarStyle[sdk=iphoneos*]" = UIStatusBarStyleDefault;
				"INFOPLIST_KEY_UIStatusBarStyle[sdk=iphonesimulator*]" = UIStatusBarStyleDefault;
				INFOPLIST_KEY_UISupportedInterfaceOrientations_iPad = "UIInterfaceOrientationPortrait UIInterfaceOrientationPortraitUpsideDown UIInterfaceOrientationLandscapeLeft UIInterfaceOrientationLandscapeRight";
				INFOPLIST_KEY_UISupportedInterfaceOrientations_iPhone = "UIInterfaceOrientationPortrait UIInterfaceOrientationLandscapeLeft UIInterfaceOrientationLandscapeRight";
				IPHONEOS_DEPLOYMENT_TARGET = 16.4;
				LD_RUNPATH_SEARCH_PATHS = "@executable_path/Frameworks";
				"LD_RUNPATH_SEARCH_PATHS[sdk=macosx*]" = "@executable_path/../Frameworks";
				MACOSX_DEPLOYMENT_TARGET = 13.2;
				MARKETING_VERSION = 1.0;
				PRODUCT_BUNDLE_IDENTIFIER = iyb.Landmarks;
				PRODUCT_NAME = "$(TARGET_NAME)";
				SDKROOT = auto;
				SUPPORTED_PLATFORMS = "iphoneos iphonesimulator macosx";
				SWIFT_EMIT_LOC_STRINGS = YES;
				SWIFT_VERSION = 5.0;
				TARGETED_DEVICE_FAMILY = "1,2";
			};
			name = Debug;
		};
		2C5E85C62A8278BD00B42198 /* Release */ = {
			isa = XCBuildConfiguration;
			buildSettings = {
				ASSETCATALOG_COMPILER_APPICON_NAME = AppIcon;
				ASSETCATALOG_COMPILER_GLOBAL_ACCENT_COLOR_NAME = AccentColor;
				CODE_SIGN_ENTITLEMENTS = Landmarks/Landmarks.entitlements;
				CODE_SIGN_STYLE = Automatic;
				CURRENT_PROJECT_VERSION = 1;
				DEVELOPMENT_ASSET_PATHS = "\"Landmarks/Preview Content\"";
				DEVELOPMENT_TEAM = 4KGM26JFXK;
				ENABLE_HARDENED_RUNTIME = YES;
				ENABLE_PREVIEWS = YES;
				GENERATE_INFOPLIST_FILE = YES;
				"INFOPLIST_KEY_UIApplicationSceneManifest_Generation[sdk=iphoneos*]" = YES;
				"INFOPLIST_KEY_UIApplicationSceneManifest_Generation[sdk=iphonesimulator*]" = YES;
				"INFOPLIST_KEY_UIApplicationSupportsIndirectInputEvents[sdk=iphoneos*]" = YES;
				"INFOPLIST_KEY_UIApplicationSupportsIndirectInputEvents[sdk=iphonesimulator*]" = YES;
				"INFOPLIST_KEY_UILaunchScreen_Generation[sdk=iphoneos*]" = YES;
				"INFOPLIST_KEY_UILaunchScreen_Generation[sdk=iphonesimulator*]" = YES;
				"INFOPLIST_KEY_UIStatusBarStyle[sdk=iphoneos*]" = UIStatusBarStyleDefault;
				"INFOPLIST_KEY_UIStatusBarStyle[sdk=iphonesimulator*]" = UIStatusBarStyleDefault;
				INFOPLIST_KEY_UISupportedInterfaceOrientations_iPad = "UIInterfaceOrientationPortrait UIInterfaceOrientationPortraitUpsideDown UIInterfaceOrientationLandscapeLeft UIInterfaceOrientationLandscapeRight";
				INFOPLIST_KEY_UISupportedInterfaceOrientations_iPhone = "UIInterfaceOrientationPortrait UIInterfaceOrientationLandscapeLeft UIInterfaceOrientationLandscapeRight";
				IPHONEOS_DEPLOYMENT_TARGET = 16.4;
				LD_RUNPATH_SEARCH_PATHS = "@executable_path/Frameworks";
				"LD_RUNPATH_SEARCH_PATHS[sdk=macosx*]" = "@executable_path/../Frameworks";
				MACOSX_DEPLOYMENT_TARGET = 13.2;
				MARKETING_VERSION = 1.0;
				PRODUCT_BUNDLE_IDENTIFIER = iyb.Landmarks;
				PRODUCT_NAME = "$(TARGET_NAME)";
				SDKROOT = auto;
				SUPPORTED_PLATFORMS = "iphoneos iphonesimulator macosx";
				SWIFT_EMIT_LOC_STRINGS = YES;
				SWIFT_VERSION = 5.0;
				TARGETED_DEVICE_FAMILY = "1,2";
			};
			name = Release;
		};
		2C5E85C82A8278BD00B42198 /* Debug */ = {
			isa = XCBuildConfiguration;
			buildSettings = {
				ALWAYS_EMBED_SWIFT_STANDARD_LIBRARIES = YES;
				BUNDLE_LOADER = "$(TEST_HOST)";
				CODE_SIGN_STYLE = Automatic;
				CURRENT_PROJECT_VERSION = 1;
				DEVELOPMENT_TEAM = 4KGM26JFXK;
				GENERATE_INFOPLIST_FILE = YES;
				IPHONEOS_DEPLOYMENT_TARGET = 16.4;
				MACOSX_DEPLOYMENT_TARGET = 13.2;
				MARKETING_VERSION = 1.0;
				PRODUCT_BUNDLE_IDENTIFIER = iyb.LandmarksTests;
				PRODUCT_NAME = "$(TARGET_NAME)";
				SDKROOT = auto;
				SUPPORTED_PLATFORMS = "iphoneos iphonesimulator macosx";
				SWIFT_EMIT_LOC_STRINGS = NO;
				SWIFT_VERSION = 5.0;
				TARGETED_DEVICE_FAMILY = "1,2";
				TEST_HOST = "$(BUILT_PRODUCTS_DIR)/Landmarks.app/$(BUNDLE_EXECUTABLE_FOLDER_PATH)/Landmarks";
			};
			name = Debug;
		};
		2C5E85C92A8278BD00B42198 /* Release */ = {
			isa = XCBuildConfiguration;
			buildSettings = {
				ALWAYS_EMBED_SWIFT_STANDARD_LIBRARIES = YES;
				BUNDLE_LOADER = "$(TEST_HOST)";
				CODE_SIGN_STYLE = Automatic;
				CURRENT_PROJECT_VERSION = 1;
				DEVELOPMENT_TEAM = 4KGM26JFXK;
				GENERATE_INFOPLIST_FILE = YES;
				IPHONEOS_DEPLOYMENT_TARGET = 16.4;
				MACOSX_DEPLOYMENT_TARGET = 13.2;
				MARKETING_VERSION = 1.0;
				PRODUCT_BUNDLE_IDENTIFIER = iyb.LandmarksTests;
				PRODUCT_NAME = "$(TARGET_NAME)";
				SDKROOT = auto;
				SUPPORTED_PLATFORMS = "iphoneos iphonesimulator macosx";
				SWIFT_EMIT_LOC_STRINGS = NO;
				SWIFT_VERSION = 5.0;
				TARGETED_DEVICE_FAMILY = "1,2";
				TEST_HOST = "$(BUILT_PRODUCTS_DIR)/Landmarks.app/$(BUNDLE_EXECUTABLE_FOLDER_PATH)/Landmarks";
			};
			name = Release;
		};
		2C5E85CB2A8278BD00B42198 /* Debug */ = {
			isa = XCBuildConfiguration;
			buildSettings = {
				ALWAYS_EMBED_SWIFT_STANDARD_LIBRARIES = YES;
				CODE_SIGN_STYLE = Automatic;
				CURRENT_PROJECT_VERSION = 1;
				DEVELOPMENT_TEAM = 4KGM26JFXK;
				GENERATE_INFOPLIST_FILE = YES;
				IPHONEOS_DEPLOYMENT_TARGET = 16.4;
				MACOSX_DEPLOYMENT_TARGET = 13.2;
				MARKETING_VERSION = 1.0;
				PRODUCT_BUNDLE_IDENTIFIER = iyb.LandmarksUITests;
				PRODUCT_NAME = "$(TARGET_NAME)";
				SDKROOT = auto;
				SUPPORTED_PLATFORMS = "iphoneos iphonesimulator macosx";
				SWIFT_EMIT_LOC_STRINGS = NO;
				SWIFT_VERSION = 5.0;
				TARGETED_DEVICE_FAMILY = "1,2";
				TEST_TARGET_NAME = Landmarks;
			};
			name = Debug;
		};
		2C5E85CC2A8278BD00B42198 /* Release */ = {
			isa = XCBuildConfiguration;
			buildSettings = {
				ALWAYS_EMBED_SWIFT_STANDARD_LIBRARIES = YES;
				CODE_SIGN_STYLE = Automatic;
				CURRENT_PROJECT_VERSION = 1;
				DEVELOPMENT_TEAM = 4KGM26JFXK;
				GENERATE_INFOPLIST_FILE = YES;
				IPHONEOS_DEPLOYMENT_TARGET = 16.4;
				MACOSX_DEPLOYMENT_TARGET = 13.2;
				MARKETING_VERSION = 1.0;
				PRODUCT_BUNDLE_IDENTIFIER = iyb.LandmarksUITests;
				PRODUCT_NAME = "$(TARGET_NAME)";
				SDKROOT = auto;
				SUPPORTED_PLATFORMS = "iphoneos iphonesimulator macosx";
				SWIFT_EMIT_LOC_STRINGS = NO;
				SWIFT_VERSION = 5.0;
				TARGETED_DEVICE_FAMILY = "1,2";
				TEST_TARGET_NAME = Landmarks;
			};
			name = Release;
		};
/* End XCBuildConfiguration section */

/* Begin XCConfigurationList section */
		2C5E859A2A8278BD00B42198 /* Build configuration list for PBXProject "Landmarks" */ = {
			isa = XCConfigurationList;
			buildConfigurations = (
				2C5E85C22A8278BD00B42198 /* Debug */,
				2C5E85C32A8278BD00B42198 /* Release */,
			);
			defaultConfigurationIsVisible = 0;
			defaultConfigurationName = Release;
		};
		2C5E85C42A8278BD00B42198 /* Build configuration list for PBXNativeTarget "Landmarks" */ = {
			isa = XCConfigurationList;
			buildConfigurations = (
				2C5E85C52A8278BD00B42198 /* Debug */,
				2C5E85C62A8278BD00B42198 /* Release */,
			);
			defaultConfigurationIsVisible = 0;
			defaultConfigurationName = Release;
		};
		2C5E85C72A8278BD00B42198 /* Build configuration list for PBXNativeTarget "LandmarksTests" */ = {
			isa = XCConfigurationList;
			buildConfigurations = (
				2C5E85C82A8278BD00B42198 /* Debug */,
				2C5E85C92A8278BD00B42198 /* Release */,
			);
			defaultConfigurationIsVisible = 0;
			defaultConfigurationName = Release;
		};
		2C5E85CA2A8278BD00B42198 /* Build configuration list for PBXNativeTarget "LandmarksUITests" */ = {
			isa = XCConfigurationList;
			buildConfigurations = (
				2C5E85CB2A8278BD00B42198 /* Debug */,
				2C5E85CC2A8278BD00B42198 /* Release */,
			);
			defaultConfigurationIsVisible = 0;
			defaultConfigurationName = Release;
		};
/* End XCConfigurationList section */
	};
	rootObject = 2C5E85972A8278BD00B42198 /* Project object */;
}
